{
	"name": "@rj-jbook/cli",
	"version": "1.0.0",
	"lockfileVersion": 2,
	"requires": true,
	"packages": {
		"": {
			"name": "@rj-jbook/cli",
			"version": "1.0.0",
			"license": "ISC",
			"dependencies": {
				"commander": "^7.0.0"
			},
			"bin": {
				"cli": "dist/index.js"
			},
			"devDependencies": {
				"@types/node": "^14.14.25",
				"esbuild": "^0.8.43",
				"typescript": "^4.1.4"
			}
		},
		"node_modules/@types/node": {
			"version": "14.14.25",
			"resolved": "https://registry.npmjs.org/@types/node/-/node-14.14.25.tgz",
			"integrity": "sha512-EPpXLOVqDvisVxtlbvzfyqSsFeQxltFbluZNRndIb8tr9KiBnYNLzrc1N3pyKUCww2RNrfHDViqDWWE1LCJQtQ==",
			"dev": true
		},
		"node_modules/commander": {
			"version": "7.0.0",
			"resolved": "https://registry.npmjs.org/commander/-/commander-7.0.0.tgz",
			"integrity": "sha512-ovx/7NkTrnPuIV8sqk/GjUIIM1+iUQeqA3ye2VNpq9sVoiZsooObWlQy+OPWGI17GDaEoybuAGJm6U8yC077BA==",
			"engines": {
				"node": ">= 10"
			}
		},
		"node_modules/esbuild": {
			"version": "0.8.43",
			"resolved": "https://registry.npmjs.org/esbuild/-/esbuild-0.8.43.tgz",
			"integrity": "sha512-ZVE2CpootS4jtnfV0bbtJdgRsHEXcMP0P7ZXGfTmNzzhBr2e5ag7Vp3ry0jmw8zduJz4iHzxg4m5jtPxWERz1w==",
			"dev": true,
			"hasInstallScript": true,
			"bin": {
				"esbuild": "bin/esbuild"
			}
		},
		"node_modules/typescript": {
			"version": "4.1.4",
			"resolved": "https://registry.npmjs.org/typescript/-/typescript-4.1.4.tgz",
			"integrity": "sha512-+Uru0t8qIRgjuCpiSPpfGuhHecMllk5Zsazj5LZvVsEStEjmIRRBZe+jHjGQvsgS7M1wONy2PQXd67EMyV6acg==",
			"dev": true,
			"bin": {
				"tsc": "bin/tsc",
				"tsserver": "bin/tsserver"
			},
			"engines": {
				"node": ">=4.2.0"
			}
		}
	},
	"dependencies": {
		"@types/node": {
			"version": "14.14.25",
			"resolved": "https://registry.npmjs.org/@types/node/-/node-14.14.25.tgz",
			"integrity": "sha512-EPpXLOVqDvisVxtlbvzfyqSsFeQxltFbluZNRndIb8tr9KiBnYNLzrc1N3pyKUCww2RNrfHDViqDWWE1LCJQtQ==",
			"dev": true
		},
		"commander": {
			"version": "7.0.0",
			"resolved": "https://registry.npmjs.org/commander/-/commander-7.0.0.tgz",
			"integrity": "sha512-ovx/7NkTrnPuIV8sqk/GjUIIM1+iUQeqA3ye2VNpq9sVoiZsooObWlQy+OPWGI17GDaEoybuAGJm6U8yC077BA=="
		},
		"esbuild": {
			"version": "0.8.43",
			"resolved": "https://registry.npmjs.org/esbuild/-/esbuild-0.8.43.tgz",
			"integrity": "sha512-ZVE2CpootS4jtnfV0bbtJdgRsHEXcMP0P7ZXGfTmNzzhBr2e5ag7Vp3ry0jmw8zduJz4iHzxg4m5jtPxWERz1w==",
			"dev": true
		},
		"typescript": {
			"version": "4.1.4",
			"resolved": "https://registry.npmjs.org/typescript/-/typescript-4.1.4.tgz",
			"integrity": "sha512-+Uru0t8qIRgjuCpiSPpfGuhHecMllk5Zsazj5LZvVsEStEjmIRRBZe+jHjGQvsgS7M1wONy2PQXd67EMyV6acg==",
			"dev": true
		}
	}
}
